{
  "requires": true,
  "lockfileVersion": 1,
  "dependencies": {
    "swagger-ui-dist": {
      "version": "3.44.1",
      "resolved": "https://registry.npmjs.org/swagger-ui-dist/-/swagger-ui-dist-3.44.1.tgz",
      "integrity": "sha512-N0u+aN55bp53RRwi/wFbEbkQxcHqZ445ShZR/Ct1Jg+XCMxYtocrsGavh7kdNKw5+6Rs4QDD6GzUMiT28Z1u3Q=="
    },
    "swagger-ui-express": {
      "version": "4.1.6",
      "resolved": "https://registry.npmjs.org/swagger-ui-express/-/swagger-ui-express-4.1.6.tgz",
      "integrity": "sha512-Xs2BGGudvDBtL7RXcYtNvHsFtP1DBFPMJFRxHe5ez/VG/rzVOEjazJOOSc/kSCyxreCTKfJrII6MJlL9a6t8vw==",
      "requires": {
        "swagger-ui-dist": "^3.18.1"
      }
    }
  }
}
